
Microsoft Visual Studio Solution File, Format Version 12.00
# Visual Studio Version 16
VisualStudioVersion = 16.0.30711.63
MinimumVisualStudioVersion = 10.0.40219.1
Project("{9A19103F-16F7-4668-BE54-9A1E7A4F7556}") = "ProductAssortmentServices", "ProductAssortmentServices.csproj", "{1AAF837A-0AA8-48BD-A9BB-38F79E4947ED}"
EndProject
Global
	GlobalSection(SolutionConfigurationPlatforms) = preSolution
		Debug|Any CPU = Debug|Any CPU
		Release|Any CPU = Release|Any CPU
	EndGlobalSection
	GlobalSection(ProjectConfigurationPlatforms) = postSolution
		{1AAF837A-0AA8-48BD-A9BB-38F79E4947ED}.Debug|Any CPU.ActiveCfg = Debug|Any CPU
		{1AAF837A-0AA8-48BD-A9BB-38F79E4947ED}.Debug|Any CPU.Build.0 = Debug|Any CPU
		{1AAF837A-0AA8-48BD-A9BB-38F79E4947ED}.Release|Any CPU.ActiveCfg = Release|Any CPU
		{1AAF837A-0AA8-48BD-A9BB-38F79E4947ED}.Release|Any CPU.Build.0 = Release|Any CPU
	EndGlobalSection
	GlobalSection(SolutionProperties) = preSolution
		HideSolutionNode = FALSE
	EndGlobalSection
	GlobalSection(ExtensibilityGlobals) = postSolution
		SolutionGuid = {E0F64C1E-80FA-48CC-96B3-76FB39F79DFC}
	EndGlobalSection
EndGlobal
