
Microsoft Visual Studio Solution File, Format Version 12.00
# Visual Studio Version 16
VisualStudioVersion = 16.0.30711.63
MinimumVisualStudioVersion = 10.0.40219.1
Project("{FAE04EC0-301F-11D3-BF4B-00C04F79EFBC}") = "ProductAssortmentServiceApi", "ProductAssortmentServiceApi.csproj", "{83A0D3A5-3629-4EDB-91F5-8009BF43183B}"
EndProject
Global
	GlobalSection(SolutionConfigurationPlatforms) = preSolution
		Debug|Any CPU = Debug|Any CPU
		Release|Any CPU = Release|Any CPU
	EndGlobalSection
	GlobalSection(ProjectConfigurationPlatforms) = postSolution
		{83A0D3A5-3629-4EDB-91F5-8009BF43183B}.Debug|Any CPU.ActiveCfg = Debug|Any CPU
		{83A0D3A5-3629-4EDB-91F5-8009BF43183B}.Debug|Any CPU.Build.0 = Debug|Any CPU
		{83A0D3A5-3629-4EDB-91F5-8009BF43183B}.Release|Any CPU.ActiveCfg = Release|Any CPU
		{83A0D3A5-3629-4EDB-91F5-8009BF43183B}.Release|Any CPU.Build.0 = Release|Any CPU
	EndGlobalSection
	GlobalSection(SolutionProperties) = preSolution
		HideSolutionNode = FALSE
	EndGlobalSection
	GlobalSection(ExtensibilityGlobals) = postSolution
		SolutionGuid = {3AE192DB-52A2-45EB-AAB7-12B0667DE1EA}
	EndGlobalSection
EndGlobal
